Microsoft Visual Studio Solution File, Format Version 11.00
# Visual Studio 2008

Project("{AE7CCB75-F73F-884E-67DD-0701D9FB5C9A}") = "LudumDare29", "Assembly-CSharp-firstpass.csproj", "{41C448BC-F162-D2E0-8AB7-BBA201902918}"
EndProject
Project("{AE7CCB75-F73F-884E-67DD-0701D9FB5C9A}") = "LudumDare29", "Assembly-CSharp.csproj", "{F46930D6-9ACA-B417-7D33-97D3763DE78F}"
EndProject
Project("{AE7CCB75-F73F-884E-67DD-0701D9FB5C9A}") = "LudumDare29", "Assembly-CSharp-Editor.csproj", "{799A8E91-CA0E-A706-67FE-7A0C0B78D0C6}"
EndProject
Project("{AE7CCB75-F73F-884E-67DD-0701D9FB5C9A}") = "LudumDare29", "Assembly-UnityScript-firstpass.unityproj", "{ACB76575-FC96-F07E-B6DD-2648E604F506}"
EndProject
Project("{AE7CCB75-F73F-884E-67DD-0701D9FB5C9A}") = "LudumDare29", "Assembly-UnityScript.unityproj", "{D309E9F3-8DCD-C0FE-32B1-02A1BB0F3D90}"
EndProject
Global
	GlobalSection(SolutionConfigurationPlatforms) = preSolution
		Debug|Any CPU = Debug|Any CPU
		Release|Any CPU = Release|Any CPU
	EndGlobalSection
	GlobalSection(ProjectConfigurationPlatforms) = postSolution
		{41C448BC-F162-D2E0-8AB7-BBA201902918}.Debug|Any CPU.ActiveCfg = Debug|Any CPU
		{41C448BC-F162-D2E0-8AB7-BBA201902918}.Debug|Any CPU.Build.0 = Debug|Any CPU
		{41C448BC-F162-D2E0-8AB7-BBA201902918}.Release|Any CPU.ActiveCfg = Release|Any CPU
		{41C448BC-F162-D2E0-8AB7-BBA201902918}.Release|Any CPU.Build.0 = Release|Any CPU
		{F46930D6-9ACA-B417-7D33-97D3763DE78F}.Debug|Any CPU.ActiveCfg = Debug|Any CPU
		{F46930D6-9ACA-B417-7D33-97D3763DE78F}.Debug|Any CPU.Build.0 = Debug|Any CPU
		{F46930D6-9ACA-B417-7D33-97D3763DE78F}.Release|Any CPU.ActiveCfg = Release|Any CPU
		{F46930D6-9ACA-B417-7D33-97D3763DE78F}.Release|Any CPU.Build.0 = Release|Any CPU
		{799A8E91-CA0E-A706-67FE-7A0C0B78D0C6}.Debug|Any CPU.ActiveCfg = Debug|Any CPU
		{799A8E91-CA0E-A706-67FE-7A0C0B78D0C6}.Debug|Any CPU.Build.0 = Debug|Any CPU
		{799A8E91-CA0E-A706-67FE-7A0C0B78D0C6}.Release|Any CPU.ActiveCfg = Release|Any CPU
		{799A8E91-CA0E-A706-67FE-7A0C0B78D0C6}.Release|Any CPU.Build.0 = Release|Any CPU
		{ACB76575-FC96-F07E-B6DD-2648E604F506}.Debug|Any CPU.ActiveCfg = Debug|Any CPU
		{ACB76575-FC96-F07E-B6DD-2648E604F506}.Debug|Any CPU.Build.0 = Debug|Any CPU
		{ACB76575-FC96-F07E-B6DD-2648E604F506}.Release|Any CPU.ActiveCfg = Release|Any CPU
		{ACB76575-FC96-F07E-B6DD-2648E604F506}.Release|Any CPU.Build.0 = Release|Any CPU
		{D309E9F3-8DCD-C0FE-32B1-02A1BB0F3D90}.Debug|Any CPU.ActiveCfg = Debug|Any CPU
		{D309E9F3-8DCD-C0FE-32B1-02A1BB0F3D90}.Debug|Any CPU.Build.0 = Debug|Any CPU
		{D309E9F3-8DCD-C0FE-32B1-02A1BB0F3D90}.Release|Any CPU.ActiveCfg = Release|Any CPU
		{D309E9F3-8DCD-C0FE-32B1-02A1BB0F3D90}.Release|Any CPU.Build.0 = Release|Any CPU
	EndGlobalSection
	GlobalSection(SolutionProperties) = preSolution
		HideSolutionNode = FALSE
	EndGlobalSection
																																	GlobalSection(MonoDevelopProperties) = preSolution
		StartupItem = Assembly-CSharp.csproj
		Policies = $0
		$0.TextStylePolicy = $1
		$1.inheritsSet = null
		$1.scope = text/x-csharp
		$0.CSharpFormattingPolicy = $2
		$2.inheritsSet = Mono
		$2.inheritsScope = text/x-csharp
		$2.scope = text/x-csharp
		$0.TextStylePolicy = $3
		$3.FileWidth = 120
		$3.TabWidth = 4
		$3.EolMarker = Unix
		$3.inheritsSet = Mono
		$3.inheritsScope = text/plain
		$3.scope = text/plain
	EndGlobalSection

EndGlobal
